PODS:
  - ChatterboxNative (0.1.0)
  - Flutter (1.0.0)
  - flutter_gemma_mediapipe (1.0.4):
    - Flutter
    - MediaPipeTasksGenAI (= 0.10.33)
    - MediaPipeTasksGenAIC (= 0.10.33)
  - MediaPipeTasksGenAI (0.10.33):
    - MediaPipeTasksGenAIC (= 0.10.33)
  - MediaPipeTasksGenAIC (0.10.33)
  - whisper_ggml (1.0.1):
    - Flutter

DEPENDENCIES:
  - ChatterboxNative (from `../native/chatterbox/ios`)
  - Flutter (from `Flutter`)
  - flutter_gemma_mediapipe (from `.symlinks/plugins/flutter_gemma_mediapipe/ios`)
  - whisper_ggml (from `.symlinks/plugins/whisper_ggml/ios`)

SPEC REPOS:
  trunk:
    - MediaPipeTasksGenAI
    - MediaPipeTasksGenAIC

EXTERNAL SOURCES:
  ChatterboxNative:
    :path: "../native/chatterbox/ios"
  Flutter:
    :path: Flutter
  flutter_gemma_mediapipe:
    :path: ".symlinks/plugins/flutter_gemma_mediapipe/ios"
  whisper_ggml:
    :path: ".symlinks/plugins/whisper_ggml/ios"

SPEC CHECKSUMS:
  ChatterboxNative: 9f0311ede57723c77dda31f6060cad548c5e678f
  Flutter: cabc95a1d2626b1b06e7179b784ebcf0c0cde467
  flutter_gemma_mediapipe: 9f914ffd91280c77be1026cd6ced94dc8647d4f5
  MediaPipeTasksGenAI: 8eed8e6d03fe26d30c4205cb5295ec7b394432ad
  MediaPipeTasksGenAIC: cb098ecea44e248efe8fe7e2f62b4cb0df781802
  whisper_ggml: e49d353bd4736293ca18f7a1e90accec56d9b57d

PODFILE CHECKSUM: d1004580fb90d26a81d836889aa9ab931ba7288b

COCOAPODS: 1.17.0
